
Microsoft Visual Studio Solution File, Format Version 12.00
# Visual Studio Version 16
VisualStudioVersion = 16.0.810.19
MinimumVisualStudioVersion = 10.0.40219.1
Project("{FAE04EC0-301F-11D3-BF4B-00C04F79EFBC}") = "E1", "E1\E1.csproj", "{98EB8FFD-D873-48B5-BB43-3B3FB0ED181B}"
EndProject
Project("{FAE04EC0-301F-11D3-BF4B-00C04F79EFBC}") = "E2", "E2\E2.csproj", "{B6DA989B-B45F-4EBD-839E-D2E3A84FA665}"
EndProject
Project("{FAE04EC0-301F-11D3-BF4B-00C04F79EFBC}") = "E3", "E3\E3.csproj", "{70C74F0E-891D-4294-AD73-B89FE96C4A2B}"
EndProject
Project("{FAE04EC0-301F-11D3-BF4B-00C04F79EFBC}") = "E4", "E4\E4.csproj", "{F47ACAA4-00FA-4C7F-BC6D-040A7F3D74DB}"
EndProject
Project("{FAE04EC0-301F-11D3-BF4B-00C04F79EFBC}") = "E5", "E5\E5.csproj", "{E14FE6CF-84EA-456C-9CD1-42C3EE2799F2}"
EndProject
Project("{FAE04EC0-301F-11D3-BF4B-00C04F79EFBC}") = "E6", "E6\E6.csproj", "{CF611BFF-9D1A-4F27-954A-C2B96C6C50B1}"
EndProject
Project("{FAE04EC0-301F-11D3-BF4B-00C04F79EFBC}") = "E7", "E7\E7.csproj", "{D1CCABE3-F3F3-4491-8C4F-13F8D65640C0}"
EndProject
Project("{FAE04EC0-301F-11D3-BF4B-00C04F79EFBC}") = "E8", "E8\E8.csproj", "{3348936F-E3C2-4D82-91B2-1E6F940F1CF3}"
EndProject
Project("{FAE04EC0-301F-11D3-BF4B-00C04F79EFBC}") = "E9", "E9\E9.csproj", "{07A4D47E-EB68-43E0-AE2F-2455A3F06998}"
EndProject
Project("{FAE04EC0-301F-11D3-BF4B-00C04F79EFBC}") = "E10", "E10\E10.csproj", "{7D42D54B-7E71-4B81-9886-1F002273DE48}"
EndProject
Project("{FAE04EC0-301F-11D3-BF4B-00C04F79EFBC}") = "E11", "E11\E11.csproj", "{325BFC8F-0224-4338-8337-716D3DC7CF8C}"
EndProject
Project("{FAE04EC0-301F-11D3-BF4B-00C04F79EFBC}") = "P1", "P1\P1.csproj", "{03172B46-C756-45D6-A72F-3A730DF4040A}"
EndProject
Project("{FAE04EC0-301F-11D3-BF4B-00C04F79EFBC}") = "P2", "P2\P2.csproj", "{2C46C358-00E8-4D14-ACDE-63B44117D4AE}"
EndProject
Project("{FAE04EC0-301F-11D3-BF4B-00C04F79EFBC}") = "P3", "P3\P3.csproj", "{638C87BC-6AAF-4D5F-90CB-44756F89E40D}"
EndProject
Project("{FAE04EC0-301F-11D3-BF4B-00C04F79EFBC}") = "P4", "P4\P4.csproj", "{EFF29B6F-D3CA-4062-9639-F75A615C9E78}"
EndProject
Project("{FAE04EC0-301F-11D3-BF4B-00C04F79EFBC}") = "P5", "P5\P5.csproj", "{36D93C0B-D888-43EC-A051-60F7D7751B17}"
EndProject
Project("{FAE04EC0-301F-11D3-BF4B-00C04F79EFBC}") = "P6", "P6\P6.csproj", "{C37A94BA-3913-41BE-833D-0BB4B7A62CC9}"
EndProject
Project("{FAE04EC0-301F-11D3-BF4B-00C04F79EFBC}") = "P7", "P7\P7.csproj", "{0009BFB0-7601-48DE-AFE7-F43A5532CCF4}"
EndProject
Project("{FAE04EC0-301F-11D3-BF4B-00C04F79EFBC}") = "P8", "P8\P8.csproj", "{BE0005F0-955D-4471-82CD-22741119A0EA}"
EndProject
Project("{FAE04EC0-301F-11D3-BF4B-00C04F79EFBC}") = "P9", "P9\P9.csproj", "{F32D6DDE-F61C-4A6D-823F-D4D816876DF4}"
EndProject
Project("{FAE04EC0-301F-11D3-BF4B-00C04F79EFBC}") = "P10", "P10\P10.csproj", "{3C65C136-F78A-4B68-AE1B-81D1E78D2A71}"
EndProject
Project("{FAE04EC0-301F-11D3-BF4B-00C04F79EFBC}") = "P11", "P11\P11.csproj", "{7D9BF971-D792-4AD1-B203-F0BFCB53AF87}"
EndProject
Project("{FAE04EC0-301F-11D3-BF4B-00C04F79EFBC}") = "P12", "P12\P12.csproj", "{2C76C479-F980-4122-A23F-75D8F8EF1AED}"
EndProject
Project("{FAE04EC0-301F-11D3-BF4B-00C04F79EFBC}") = "P13", "P13\P13.csproj", "{5D9BC709-3C04-428F-AE3C-CF44777524E1}"
EndProject
Project("{FAE04EC0-301F-11D3-BF4B-00C04F79EFBC}") = "P14", "P14\P14.csproj", "{AB3666A5-6F24-4622-BA31-DD3459B91262}"
EndProject
Global
	GlobalSection(SolutionConfigurationPlatforms) = preSolution
		Debug|Any CPU = Debug|Any CPU
		Release|Any CPU = Release|Any CPU
	EndGlobalSection
	GlobalSection(ProjectConfigurationPlatforms) = postSolution
		{98EB8FFD-D873-48B5-BB43-3B3FB0ED181B}.Debug|Any CPU.ActiveCfg = Debug|Any CPU
		{98EB8FFD-D873-48B5-BB43-3B3FB0ED181B}.Debug|Any CPU.Build.0 = Debug|Any CPU
		{98EB8FFD-D873-48B5-BB43-3B3FB0ED181B}.Release|Any CPU.ActiveCfg = Release|Any CPU
		{98EB8FFD-D873-48B5-BB43-3B3FB0ED181B}.Release|Any CPU.Build.0 = Release|Any CPU
		{B6DA989B-B45F-4EBD-839E-D2E3A84FA665}.Debug|Any CPU.ActiveCfg = Debug|Any CPU
		{B6DA989B-B45F-4EBD-839E-D2E3A84FA665}.Debug|Any CPU.Build.0 = Debug|Any CPU
		{B6DA989B-B45F-4EBD-839E-D2E3A84FA665}.Release|Any CPU.ActiveCfg = Release|Any CPU
		{B6DA989B-B45F-4EBD-839E-D2E3A84FA665}.Release|Any CPU.Build.0 = Release|Any CPU
		{70C74F0E-891D-4294-AD73-B89FE96C4A2B}.Debug|Any CPU.ActiveCfg = Debug|Any CPU
		{70C74F0E-891D-4294-AD73-B89FE96C4A2B}.Debug|Any CPU.Build.0 = Debug|Any CPU
		{70C74F0E-891D-4294-AD73-B89FE96C4A2B}.Release|Any CPU.ActiveCfg = Release|Any CPU
		{70C74F0E-891D-4294-AD73-B89FE96C4A2B}.Release|Any CPU.Build.0 = Release|Any CPU
		{F47ACAA4-00FA-4C7F-BC6D-040A7F3D74DB}.Debug|Any CPU.ActiveCfg = Debug|Any CPU
		{F47ACAA4-00FA-4C7F-BC6D-040A7F3D74DB}.Debug|Any CPU.Build.0 = Debug|Any CPU
		{F47ACAA4-00FA-4C7F-BC6D-040A7F3D74DB}.Release|Any CPU.ActiveCfg = Release|Any CPU
		{F47ACAA4-00FA-4C7F-BC6D-040A7F3D74DB}.Release|Any CPU.Build.0 = Release|Any CPU
		{E14FE6CF-84EA-456C-9CD1-42C3EE2799F2}.Debug|Any CPU.ActiveCfg = Debug|Any CPU
		{E14FE6CF-84EA-456C-9CD1-42C3EE2799F2}.Debug|Any CPU.Build.0 = Debug|Any CPU
		{E14FE6CF-84EA-456C-9CD1-42C3EE2799F2}.Release|Any CPU.ActiveCfg = Release|Any CPU
		{E14FE6CF-84EA-456C-9CD1-42C3EE2799F2}.Release|Any CPU.Build.0 = Release|Any CPU
		{CF611BFF-9D1A-4F27-954A-C2B96C6C50B1}.Debug|Any CPU.ActiveCfg = Debug|Any CPU
		{CF611BFF-9D1A-4F27-954A-C2B96C6C50B1}.Debug|Any CPU.Build.0 = Debug|Any CPU
		{CF611BFF-9D1A-4F27-954A-C2B96C6C50B1}.Release|Any CPU.ActiveCfg = Release|Any CPU
		{CF611BFF-9D1A-4F27-954A-C2B96C6C50B1}.Release|Any CPU.Build.0 = Release|Any CPU
		{D1CCABE3-F3F3-4491-8C4F-13F8D65640C0}.Debug|Any CPU.ActiveCfg = Debug|Any CPU
		{D1CCABE3-F3F3-4491-8C4F-13F8D65640C0}.Debug|Any CPU.Build.0 = Debug|Any CPU
		{D1CCABE3-F3F3-4491-8C4F-13F8D65640C0}.Release|Any CPU.ActiveCfg = Release|Any CPU
		{D1CCABE3-F3F3-4491-8C4F-13F8D65640C0}.Release|Any CPU.Build.0 = Release|Any CPU
		{3348936F-E3C2-4D82-91B2-1E6F940F1CF3}.Debug|Any CPU.ActiveCfg = Debug|Any CPU
		{3348936F-E3C2-4D82-91B2-1E6F940F1CF3}.Debug|Any CPU.Build.0 = Debug|Any CPU
		{3348936F-E3C2-4D82-91B2-1E6F940F1CF3}.Release|Any CPU.ActiveCfg = Release|Any CPU
		{3348936F-E3C2-4D82-91B2-1E6F940F1CF3}.Release|Any CPU.Build.0 = Release|Any CPU
		{07A4D47E-EB68-43E0-AE2F-2455A3F06998}.Debug|Any CPU.ActiveCfg = Debug|Any CPU
		{07A4D47E-EB68-43E0-AE2F-2455A3F06998}.Debug|Any CPU.Build.0 = Debug|Any CPU
		{07A4D47E-EB68-43E0-AE2F-2455A3F06998}.Release|Any CPU.ActiveCfg = Release|Any CPU
		{07A4D47E-EB68-43E0-AE2F-2455A3F06998}.Release|Any CPU.Build.0 = Release|Any CPU
		{7D42D54B-7E71-4B81-9886-1F002273DE48}.Debug|Any CPU.ActiveCfg = Debug|Any CPU
		{7D42D54B-7E71-4B81-9886-1F002273DE48}.Debug|Any CPU.Build.0 = Debug|Any CPU
		{7D42D54B-7E71-4B81-9886-1F002273DE48}.Release|Any CPU.ActiveCfg = Release|Any CPU
		{7D42D54B-7E71-4B81-9886-1F002273DE48}.Release|Any CPU.Build.0 = Release|Any CPU
		{325BFC8F-0224-4338-8337-716D3DC7CF8C}.Debug|Any CPU.ActiveCfg = Debug|Any CPU
		{325BFC8F-0224-4338-8337-716D3DC7CF8C}.Debug|Any CPU.Build.0 = Debug|Any CPU
		{325BFC8F-0224-4338-8337-716D3DC7CF8C}.Release|Any CPU.ActiveCfg = Release|Any CPU
		{325BFC8F-0224-4338-8337-716D3DC7CF8C}.Release|Any CPU.Build.0 = Release|Any CPU
		{03172B46-C756-45D6-A72F-3A730DF4040A}.Debug|Any CPU.ActiveCfg = Debug|Any CPU
		{03172B46-C756-45D6-A72F-3A730DF4040A}.Debug|Any CPU.Build.0 = Debug|Any CPU
		{03172B46-C756-45D6-A72F-3A730DF4040A}.Release|Any CPU.ActiveCfg = Release|Any CPU
		{03172B46-C756-45D6-A72F-3A730DF4040A}.Release|Any CPU.Build.0 = Release|Any CPU
		{2C46C358-00E8-4D14-ACDE-63B44117D4AE}.Debug|Any CPU.ActiveCfg = Debug|Any CPU
		{2C46C358-00E8-4D14-ACDE-63B44117D4AE}.Debug|Any CPU.Build.0 = Debug|Any CPU
		{2C46C358-00E8-4D14-ACDE-63B44117D4AE}.Release|Any CPU.ActiveCfg = Release|Any CPU
		{2C46C358-00E8-4D14-ACDE-63B44117D4AE}.Release|Any CPU.Build.0 = Release|Any CPU
		{638C87BC-6AAF-4D5F-90CB-44756F89E40D}.Debug|Any CPU.ActiveCfg = Debug|Any CPU
		{638C87BC-6AAF-4D5F-90CB-44756F89E40D}.Debug|Any CPU.Build.0 = Debug|Any CPU
		{638C87BC-6AAF-4D5F-90CB-44756F89E40D}.Release|Any CPU.ActiveCfg = Release|Any CPU
		{638C87BC-6AAF-4D5F-90CB-44756F89E40D}.Release|Any CPU.Build.0 = Release|Any CPU
		{EFF29B6F-D3CA-4062-9639-F75A615C9E78}.Debug|Any CPU.ActiveCfg = Debug|Any CPU
		{EFF29B6F-D3CA-4062-9639-F75A615C9E78}.Debug|Any CPU.Build.0 = Debug|Any CPU
		{EFF29B6F-D3CA-4062-9639-F75A615C9E78}.Release|Any CPU.ActiveCfg = Release|Any CPU
		{EFF29B6F-D3CA-4062-9639-F75A615C9E78}.Release|Any CPU.Build.0 = Release|Any CPU
		{36D93C0B-D888-43EC-A051-60F7D7751B17}.Debug|Any CPU.ActiveCfg = Debug|Any CPU
		{36D93C0B-D888-43EC-A051-60F7D7751B17}.Debug|Any CPU.Build.0 = Debug|Any CPU
		{36D93C0B-D888-43EC-A051-60F7D7751B17}.Release|Any CPU.ActiveCfg = Release|Any CPU
		{36D93C0B-D888-43EC-A051-60F7D7751B17}.Release|Any CPU.Build.0 = Release|Any CPU
		{C37A94BA-3913-41BE-833D-0BB4B7A62CC9}.Debug|Any CPU.ActiveCfg = Debug|Any CPU
		{C37A94BA-3913-41BE-833D-0BB4B7A62CC9}.Debug|Any CPU.Build.0 = Debug|Any CPU
		{C37A94BA-3913-41BE-833D-0BB4B7A62CC9}.Release|Any CPU.ActiveCfg = Release|Any CPU
		{C37A94BA-3913-41BE-833D-0BB4B7A62CC9}.Release|Any CPU.Build.0 = Release|Any CPU
		{0009BFB0-7601-48DE-AFE7-F43A5532CCF4}.Debug|Any CPU.ActiveCfg = Debug|Any CPU
		{0009BFB0-7601-48DE-AFE7-F43A5532CCF4}.Debug|Any CPU.Build.0 = Debug|Any CPU
		{0009BFB0-7601-48DE-AFE7-F43A5532CCF4}.Release|Any CPU.ActiveCfg = Release|Any CPU
		{0009BFB0-7601-48DE-AFE7-F43A5532CCF4}.Release|Any CPU.Build.0 = Release|Any CPU
		{BE0005F0-955D-4471-82CD-22741119A0EA}.Debug|Any CPU.ActiveCfg = Debug|Any CPU
		{BE0005F0-955D-4471-82CD-22741119A0EA}.Debug|Any CPU.Build.0 = Debug|Any CPU
		{BE0005F0-955D-4471-82CD-22741119A0EA}.Release|Any CPU.ActiveCfg = Release|Any CPU
		{BE0005F0-955D-4471-82CD-22741119A0EA}.Release|Any CPU.Build.0 = Release|Any CPU
		{F32D6DDE-F61C-4A6D-823F-D4D816876DF4}.Debug|Any CPU.ActiveCfg = Debug|Any CPU
		{F32D6DDE-F61C-4A6D-823F-D4D816876DF4}.Debug|Any CPU.Build.0 = Debug|Any CPU
		{F32D6DDE-F61C-4A6D-823F-D4D816876DF4}.Release|Any CPU.ActiveCfg = Release|Any CPU
		{F32D6DDE-F61C-4A6D-823F-D4D816876DF4}.Release|Any CPU.Build.0 = Release|Any CPU
		{3C65C136-F78A-4B68-AE1B-81D1E78D2A71}.Debug|Any CPU.ActiveCfg = Debug|Any CPU
		{3C65C136-F78A-4B68-AE1B-81D1E78D2A71}.Debug|Any CPU.Build.0 = Debug|Any CPU
		{3C65C136-F78A-4B68-AE1B-81D1E78D2A71}.Release|Any CPU.ActiveCfg = Release|Any CPU
		{3C65C136-F78A-4B68-AE1B-81D1E78D2A71}.Release|Any CPU.Build.0 = Release|Any CPU
		{7D9BF971-D792-4AD1-B203-F0BFCB53AF87}.Debug|Any CPU.ActiveCfg = Debug|Any CPU
		{7D9BF971-D792-4AD1-B203-F0BFCB53AF87}.Debug|Any CPU.Build.0 = Debug|Any CPU
		{7D9BF971-D792-4AD1-B203-F0BFCB53AF87}.Release|Any CPU.ActiveCfg = Release|Any CPU
		{7D9BF971-D792-4AD1-B203-F0BFCB53AF87}.Release|Any CPU.Build.0 = Release|Any CPU
		{2C76C479-F980-4122-A23F-75D8F8EF1AED}.Debug|Any CPU.ActiveCfg = Debug|Any CPU
		{2C76C479-F980-4122-A23F-75D8F8EF1AED}.Debug|Any CPU.Build.0 = Debug|Any CPU
		{2C76C479-F980-4122-A23F-75D8F8EF1AED}.Release|Any CPU.ActiveCfg = Release|Any CPU
		{2C76C479-F980-4122-A23F-75D8F8EF1AED}.Release|Any CPU.Build.0 = Release|Any CPU
		{5D9BC709-3C04-428F-AE3C-CF44777524E1}.Debug|Any CPU.ActiveCfg = Debug|Any CPU
		{5D9BC709-3C04-428F-AE3C-CF44777524E1}.Debug|Any CPU.Build.0 = Debug|Any CPU
		{5D9BC709-3C04-428F-AE3C-CF44777524E1}.Release|Any CPU.ActiveCfg = Release|Any CPU
		{5D9BC709-3C04-428F-AE3C-CF44777524E1}.Release|Any CPU.Build.0 = Release|Any CPU
		{AB3666A5-6F24-4622-BA31-DD3459B91262}.Debug|Any CPU.ActiveCfg = Debug|Any CPU
		{AB3666A5-6F24-4622-BA31-DD3459B91262}.Debug|Any CPU.Build.0 = Debug|Any CPU
		{AB3666A5-6F24-4622-BA31-DD3459B91262}.Release|Any CPU.ActiveCfg = Release|Any CPU
		{AB3666A5-6F24-4622-BA31-DD3459B91262}.Release|Any CPU.Build.0 = Release|Any CPU
	EndGlobalSection
	GlobalSection(SolutionProperties) = preSolution
		HideSolutionNode = FALSE
	EndGlobalSection
	GlobalSection(ExtensibilityGlobals) = postSolution
		SolutionGuid = {5B8D5D05-88C0-4A94-B476-3663E11DA66F}
	EndGlobalSection
EndGlobal
