
Microsoft Visual Studio Solution File, Format Version 12.00
# Visual Studio Version 16
VisualStudioVersion = 16.0.810.19
MinimumVisualStudioVersion = 10.0.40219.1
Project("{FAE04EC0-301F-11D3-BF4B-00C04F79EFBC}") = "E1", "E1\E1.csproj", "{F79E8D21-1AA2-4419-991A-94177DF38F39}"
EndProject
Project("{FAE04EC0-301F-11D3-BF4B-00C04F79EFBC}") = "E2", "E2\E2.csproj", "{CAA089C9-D12C-4854-A82D-9AC76F01A8F2}"
EndProject
Project("{FAE04EC0-301F-11D3-BF4B-00C04F79EFBC}") = "E3", "E3\E3.csproj", "{5E349F96-135F-418B-9768-8A5833E38E9D}"
EndProject
Project("{FAE04EC0-301F-11D3-BF4B-00C04F79EFBC}") = "E4", "E4\E4.csproj", "{2D56D6BE-0050-4E8A-A37A-D5C54E82F124}"
EndProject
Project("{FAE04EC0-301F-11D3-BF4B-00C04F79EFBC}") = "E5", "E5\E5.csproj", "{EFF51133-982F-44CA-97A7-AF512000EB81}"
EndProject
Project("{FAE04EC0-301F-11D3-BF4B-00C04F79EFBC}") = "E6", "E6\E6.csproj", "{F2D168F4-5EEA-4397-8E61-2A5E380CCF6E}"
EndProject
Project("{FAE04EC0-301F-11D3-BF4B-00C04F79EFBC}") = "E7", "E7\E7.csproj", "{9C7024B3-B618-4145-88AA-895D3ECC4D86}"
EndProject
Project("{FAE04EC0-301F-11D3-BF4B-00C04F79EFBC}") = "P1_4", "P1_4\P1_4.csproj", "{84450D07-97A5-4BB0-A159-8CBF809E4C0F}"
EndProject
Project("{FAE04EC0-301F-11D3-BF4B-00C04F79EFBC}") = "P5", "P5\P5.csproj", "{8D4F9C1D-955E-4866-A5BD-953260D78A99}"
EndProject
Global
	GlobalSection(SolutionConfigurationPlatforms) = preSolution
		Debug|Any CPU = Debug|Any CPU
		Release|Any CPU = Release|Any CPU
	EndGlobalSection
	GlobalSection(ProjectConfigurationPlatforms) = postSolution
		{F79E8D21-1AA2-4419-991A-94177DF38F39}.Debug|Any CPU.ActiveCfg = Debug|Any CPU
		{F79E8D21-1AA2-4419-991A-94177DF38F39}.Debug|Any CPU.Build.0 = Debug|Any CPU
		{F79E8D21-1AA2-4419-991A-94177DF38F39}.Release|Any CPU.ActiveCfg = Release|Any CPU
		{F79E8D21-1AA2-4419-991A-94177DF38F39}.Release|Any CPU.Build.0 = Release|Any CPU
		{CAA089C9-D12C-4854-A82D-9AC76F01A8F2}.Debug|Any CPU.ActiveCfg = Debug|Any CPU
		{CAA089C9-D12C-4854-A82D-9AC76F01A8F2}.Debug|Any CPU.Build.0 = Debug|Any CPU
		{CAA089C9-D12C-4854-A82D-9AC76F01A8F2}.Release|Any CPU.ActiveCfg = Release|Any CPU
		{CAA089C9-D12C-4854-A82D-9AC76F01A8F2}.Release|Any CPU.Build.0 = Release|Any CPU
		{5E349F96-135F-418B-9768-8A5833E38E9D}.Debug|Any CPU.ActiveCfg = Debug|Any CPU
		{5E349F96-135F-418B-9768-8A5833E38E9D}.Debug|Any CPU.Build.0 = Debug|Any CPU
		{5E349F96-135F-418B-9768-8A5833E38E9D}.Release|Any CPU.ActiveCfg = Release|Any CPU
		{5E349F96-135F-418B-9768-8A5833E38E9D}.Release|Any CPU.Build.0 = Release|Any CPU
		{2D56D6BE-0050-4E8A-A37A-D5C54E82F124}.Debug|Any CPU.ActiveCfg = Debug|Any CPU
		{2D56D6BE-0050-4E8A-A37A-D5C54E82F124}.Debug|Any CPU.Build.0 = Debug|Any CPU
		{2D56D6BE-0050-4E8A-A37A-D5C54E82F124}.Release|Any CPU.ActiveCfg = Release|Any CPU
		{2D56D6BE-0050-4E8A-A37A-D5C54E82F124}.Release|Any CPU.Build.0 = Release|Any CPU
		{EFF51133-982F-44CA-97A7-AF512000EB81}.Debug|Any CPU.ActiveCfg = Debug|Any CPU
		{EFF51133-982F-44CA-97A7-AF512000EB81}.Debug|Any CPU.Build.0 = Debug|Any CPU
		{EFF51133-982F-44CA-97A7-AF512000EB81}.Release|Any CPU.ActiveCfg = Release|Any CPU
		{EFF51133-982F-44CA-97A7-AF512000EB81}.Release|Any CPU.Build.0 = Release|Any CPU
		{F2D168F4-5EEA-4397-8E61-2A5E380CCF6E}.Debug|Any CPU.ActiveCfg = Debug|Any CPU
		{F2D168F4-5EEA-4397-8E61-2A5E380CCF6E}.Debug|Any CPU.Build.0 = Debug|Any CPU
		{F2D168F4-5EEA-4397-8E61-2A5E380CCF6E}.Release|Any CPU.ActiveCfg = Release|Any CPU
		{F2D168F4-5EEA-4397-8E61-2A5E380CCF6E}.Release|Any CPU.Build.0 = Release|Any CPU
		{9C7024B3-B618-4145-88AA-895D3ECC4D86}.Debug|Any CPU.ActiveCfg = Debug|Any CPU
		{9C7024B3-B618-4145-88AA-895D3ECC4D86}.Debug|Any CPU.Build.0 = Debug|Any CPU
		{9C7024B3-B618-4145-88AA-895D3ECC4D86}.Release|Any CPU.ActiveCfg = Release|Any CPU
		{9C7024B3-B618-4145-88AA-895D3ECC4D86}.Release|Any CPU.Build.0 = Release|Any CPU
		{84450D07-97A5-4BB0-A159-8CBF809E4C0F}.Debug|Any CPU.ActiveCfg = Debug|Any CPU
		{84450D07-97A5-4BB0-A159-8CBF809E4C0F}.Debug|Any CPU.Build.0 = Debug|Any CPU
		{84450D07-97A5-4BB0-A159-8CBF809E4C0F}.Release|Any CPU.ActiveCfg = Release|Any CPU
		{84450D07-97A5-4BB0-A159-8CBF809E4C0F}.Release|Any CPU.Build.0 = Release|Any CPU
		{8D4F9C1D-955E-4866-A5BD-953260D78A99}.Debug|Any CPU.ActiveCfg = Debug|Any CPU
		{8D4F9C1D-955E-4866-A5BD-953260D78A99}.Debug|Any CPU.Build.0 = Debug|Any CPU
		{8D4F9C1D-955E-4866-A5BD-953260D78A99}.Release|Any CPU.ActiveCfg = Release|Any CPU
		{8D4F9C1D-955E-4866-A5BD-953260D78A99}.Release|Any CPU.Build.0 = Release|Any CPU
	EndGlobalSection
	GlobalSection(SolutionProperties) = preSolution
		HideSolutionNode = FALSE
	EndGlobalSection
	GlobalSection(ExtensibilityGlobals) = postSolution
		SolutionGuid = {E393C492-3D52-4E92-BC7F-9C517BB0FCE8}
	EndGlobalSection
EndGlobal
