
Microsoft Visual Studio Solution File, Format Version 12.00
# Visual Studio Version 16
VisualStudioVersion = 16.0.810.21
MinimumVisualStudioVersion = 10.0.40219.1
Project("{FAE04EC0-301F-11D3-BF4B-00C04F79EFBC}") = "E1", "E1\E1.csproj", "{A899B43D-0322-48EF-812F-844B615FE0D6}"
EndProject
Project("{FAE04EC0-301F-11D3-BF4B-00C04F79EFBC}") = "E2", "E2\E2.csproj", "{DF3B3CA0-EC6F-41A1-A7C9-F5FD50F470F3}"
EndProject
Project("{FAE04EC0-301F-11D3-BF4B-00C04F79EFBC}") = "E3", "E3\E3.csproj", "{11D744E5-A238-46A2-9371-61EDC707F3AE}"
EndProject
Project("{FAE04EC0-301F-11D3-BF4B-00C04F79EFBC}") = "P1", "P1\P1.csproj", "{930FCF04-9C19-43B5-8438-FA4DFFBB1D09}"
EndProject
Project("{FAE04EC0-301F-11D3-BF4B-00C04F79EFBC}") = "P2", "P2\P2.csproj", "{9807EFEE-A628-4ACD-9979-9AF71BBA61DB}"
EndProject
Project("{FAE04EC0-301F-11D3-BF4B-00C04F79EFBC}") = "P3", "P3\P3.csproj", "{BBF30CA2-ADF3-4314-A135-949B3F4B26D5}"
EndProject
Project("{FAE04EC0-301F-11D3-BF4B-00C04F79EFBC}") = "P4", "P4\P4.csproj", "{A19ED93A-BDDA-422F-977C-C99A5477D067}"
EndProject
Project("{FAE04EC0-301F-11D3-BF4B-00C04F79EFBC}") = "P5", "P5\P5.csproj", "{ADD44328-6D90-4980-BFC4-BEEC6E09FBA8}"
EndProject
Global
	GlobalSection(SolutionConfigurationPlatforms) = preSolution
		Debug|Any CPU = Debug|Any CPU
		Release|Any CPU = Release|Any CPU
	EndGlobalSection
	GlobalSection(ProjectConfigurationPlatforms) = postSolution
		{A899B43D-0322-48EF-812F-844B615FE0D6}.Debug|Any CPU.ActiveCfg = Debug|Any CPU
		{A899B43D-0322-48EF-812F-844B615FE0D6}.Debug|Any CPU.Build.0 = Debug|Any CPU
		{A899B43D-0322-48EF-812F-844B615FE0D6}.Release|Any CPU.ActiveCfg = Release|Any CPU
		{A899B43D-0322-48EF-812F-844B615FE0D6}.Release|Any CPU.Build.0 = Release|Any CPU
		{DF3B3CA0-EC6F-41A1-A7C9-F5FD50F470F3}.Debug|Any CPU.ActiveCfg = Debug|Any CPU
		{DF3B3CA0-EC6F-41A1-A7C9-F5FD50F470F3}.Debug|Any CPU.Build.0 = Debug|Any CPU
		{DF3B3CA0-EC6F-41A1-A7C9-F5FD50F470F3}.Release|Any CPU.ActiveCfg = Release|Any CPU
		{DF3B3CA0-EC6F-41A1-A7C9-F5FD50F470F3}.Release|Any CPU.Build.0 = Release|Any CPU
		{11D744E5-A238-46A2-9371-61EDC707F3AE}.Debug|Any CPU.ActiveCfg = Debug|Any CPU
		{11D744E5-A238-46A2-9371-61EDC707F3AE}.Debug|Any CPU.Build.0 = Debug|Any CPU
		{11D744E5-A238-46A2-9371-61EDC707F3AE}.Release|Any CPU.ActiveCfg = Release|Any CPU
		{11D744E5-A238-46A2-9371-61EDC707F3AE}.Release|Any CPU.Build.0 = Release|Any CPU
		{930FCF04-9C19-43B5-8438-FA4DFFBB1D09}.Debug|Any CPU.ActiveCfg = Debug|Any CPU
		{930FCF04-9C19-43B5-8438-FA4DFFBB1D09}.Debug|Any CPU.Build.0 = Debug|Any CPU
		{930FCF04-9C19-43B5-8438-FA4DFFBB1D09}.Release|Any CPU.ActiveCfg = Release|Any CPU
		{930FCF04-9C19-43B5-8438-FA4DFFBB1D09}.Release|Any CPU.Build.0 = Release|Any CPU
		{9807EFEE-A628-4ACD-9979-9AF71BBA61DB}.Debug|Any CPU.ActiveCfg = Debug|Any CPU
		{9807EFEE-A628-4ACD-9979-9AF71BBA61DB}.Debug|Any CPU.Build.0 = Debug|Any CPU
		{9807EFEE-A628-4ACD-9979-9AF71BBA61DB}.Release|Any CPU.ActiveCfg = Release|Any CPU
		{9807EFEE-A628-4ACD-9979-9AF71BBA61DB}.Release|Any CPU.Build.0 = Release|Any CPU
		{BBF30CA2-ADF3-4314-A135-949B3F4B26D5}.Debug|Any CPU.ActiveCfg = Debug|Any CPU
		{BBF30CA2-ADF3-4314-A135-949B3F4B26D5}.Debug|Any CPU.Build.0 = Debug|Any CPU
		{BBF30CA2-ADF3-4314-A135-949B3F4B26D5}.Release|Any CPU.ActiveCfg = Release|Any CPU
		{BBF30CA2-ADF3-4314-A135-949B3F4B26D5}.Release|Any CPU.Build.0 = Release|Any CPU
		{A19ED93A-BDDA-422F-977C-C99A5477D067}.Debug|Any CPU.ActiveCfg = Debug|Any CPU
		{A19ED93A-BDDA-422F-977C-C99A5477D067}.Debug|Any CPU.Build.0 = Debug|Any CPU
		{A19ED93A-BDDA-422F-977C-C99A5477D067}.Release|Any CPU.ActiveCfg = Release|Any CPU
		{A19ED93A-BDDA-422F-977C-C99A5477D067}.Release|Any CPU.Build.0 = Release|Any CPU
		{ADD44328-6D90-4980-BFC4-BEEC6E09FBA8}.Debug|Any CPU.ActiveCfg = Debug|Any CPU
		{ADD44328-6D90-4980-BFC4-BEEC6E09FBA8}.Debug|Any CPU.Build.0 = Debug|Any CPU
		{ADD44328-6D90-4980-BFC4-BEEC6E09FBA8}.Release|Any CPU.ActiveCfg = Release|Any CPU
		{ADD44328-6D90-4980-BFC4-BEEC6E09FBA8}.Release|Any CPU.Build.0 = Release|Any CPU
	EndGlobalSection
	GlobalSection(SolutionProperties) = preSolution
		HideSolutionNode = FALSE
	EndGlobalSection
	GlobalSection(ExtensibilityGlobals) = postSolution
		SolutionGuid = {931E8D5F-9203-4B9C-A2EB-23B99DB8D4BE}
	EndGlobalSection
EndGlobal
