
Microsoft Visual Studio Solution File, Format Version 12.00
# Visual Studio Version 16
VisualStudioVersion = 16.0.810.22
MinimumVisualStudioVersion = 10.0.40219.1
Project("{FAE04EC0-301F-11D3-BF4B-00C04F79EFBC}") = "E1", "E1\E1.csproj", "{624CB9A6-910A-4D45-B101-E90B3503EB4D}"
EndProject
Project("{FAE04EC0-301F-11D3-BF4B-00C04F79EFBC}") = "E2", "E2\E2.csproj", "{0A062CB4-4BA7-4A58-9402-98EFA1F672EA}"
EndProject
Project("{FAE04EC0-301F-11D3-BF4B-00C04F79EFBC}") = "P1", "P1\P1.csproj", "{1EECF4E9-C58A-4EEB-A251-D89FDDF560DB}"
EndProject
Global
	GlobalSection(SolutionConfigurationPlatforms) = preSolution
		Debug|Any CPU = Debug|Any CPU
		Release|Any CPU = Release|Any CPU
	EndGlobalSection
	GlobalSection(ProjectConfigurationPlatforms) = postSolution
		{624CB9A6-910A-4D45-B101-E90B3503EB4D}.Debug|Any CPU.ActiveCfg = Debug|Any CPU
		{624CB9A6-910A-4D45-B101-E90B3503EB4D}.Debug|Any CPU.Build.0 = Debug|Any CPU
		{624CB9A6-910A-4D45-B101-E90B3503EB4D}.Release|Any CPU.ActiveCfg = Release|Any CPU
		{624CB9A6-910A-4D45-B101-E90B3503EB4D}.Release|Any CPU.Build.0 = Release|Any CPU
		{0A062CB4-4BA7-4A58-9402-98EFA1F672EA}.Debug|Any CPU.ActiveCfg = Debug|Any CPU
		{0A062CB4-4BA7-4A58-9402-98EFA1F672EA}.Debug|Any CPU.Build.0 = Debug|Any CPU
		{0A062CB4-4BA7-4A58-9402-98EFA1F672EA}.Release|Any CPU.ActiveCfg = Release|Any CPU
		{0A062CB4-4BA7-4A58-9402-98EFA1F672EA}.Release|Any CPU.Build.0 = Release|Any CPU
		{1EECF4E9-C58A-4EEB-A251-D89FDDF560DB}.Debug|Any CPU.ActiveCfg = Debug|Any CPU
		{1EECF4E9-C58A-4EEB-A251-D89FDDF560DB}.Debug|Any CPU.Build.0 = Debug|Any CPU
		{1EECF4E9-C58A-4EEB-A251-D89FDDF560DB}.Release|Any CPU.ActiveCfg = Release|Any CPU
		{1EECF4E9-C58A-4EEB-A251-D89FDDF560DB}.Release|Any CPU.Build.0 = Release|Any CPU
	EndGlobalSection
	GlobalSection(SolutionProperties) = preSolution
		HideSolutionNode = FALSE
	EndGlobalSection
	GlobalSection(ExtensibilityGlobals) = postSolution
		SolutionGuid = {FC575744-4749-4C83-86EF-09EA986C52B6}
	EndGlobalSection
EndGlobal
